{
  "version": 4,
  "terraform_version": "1.0.9",
  "serial": 8,
  "lineage": "ae08b498-1895-cf28-00a7-a49042ec710c",
  "outputs": {
    "kubernetes_cluster_name": {
      "value": "development",
      "type": "string"
    },
    "node_location": {
      "value": "us-west1-a",
      "type": "string"
    },
    "node_pool_name": {
      "value": "default",
      "type": "string"
    },
    "project": {
      "value": "thaigo alves",
      "type": "string"
    },
    "project_id": {
      "value": "thaigo-alves",
      "type": "string"
    },
    "region": {
      "value": "us-west1",
      "type": "string"
    }
  },
  "resources": [
    {
      "module": "module.kubernetes",
      "mode": "managed",
      "type": "google_compute_network",
      "name": "vpc",
      "provider": "provider[\"registry.terraform.io/hashicorp/google\"]",
      "instances": [
        {
          "schema_version": 0,
          "attributes": {
            "auto_create_subnetworks": false,
            "delete_default_routes_on_create": false,
            "description": "",
            "gateway_ipv4": "",
            "id": "projects/thaigo-alves/global/networks/thaigo-alves",
            "mtu": 0,
            "name": "thaigo-alves",
            "project": "thaigo-alves",
            "routing_mode": "REGIONAL",
            "self_link": "https://www.googleapis.com/compute/v1/projects/thaigo-alves/global/networks/thaigo-alves",
            "timeouts": null
          },
          "sensitive_attributes": [],
          "private": "eyJlMmJmYjczMC1lY2FhLTExZTYtOGY4OC0zNDM2M2JjN2M0YzAiOnsiY3JlYXRlIjoyNDAwMDAwMDAwMDAsImRlbGV0ZSI6MjQwMDAwMDAwMDAwLCJ1cGRhdGUiOjI0MDAwMDAwMDAwMH19"
        }
      ]
    },
    {
      "module": "module.kubernetes",
      "mode": "managed",
      "type": "google_compute_subnetwork",
      "name": "subnet",
      "provider": "provider[\"registry.terraform.io/hashicorp/google\"]",
      "instances": [
        {
          "schema_version": 0,
          "attributes": {
            "creation_timestamp": "2021-12-19T21:58:14.817-08:00",
            "description": "",
            "external_ipv6_prefix": "",
            "fingerprint": null,
            "gateway_address": "10.75.0.1",
            "id": "projects/thaigo-alves/regions/us-west1/subnetworks/thaigo-alves",
            "ip_cidr_range": "10.75.0.0/24",
            "ipv6_access_type": "",
            "ipv6_cidr_range": "",
            "log_config": [],
            "name": "thaigo-alves",
            "network": "https://www.googleapis.com/compute/v1/projects/thaigo-alves/global/networks/thaigo-alves",
            "private_ip_google_access": false,
            "private_ipv6_google_access": "DISABLE_GOOGLE_ACCESS",
            "project": "thaigo-alves",
            "purpose": "PRIVATE",
            "region": "us-west1",
            "role": "",
            "secondary_ip_range": [],
            "self_link": "https://www.googleapis.com/compute/v1/projects/thaigo-alves/regions/us-west1/subnetworks/thaigo-alves",
            "stack_type": "IPV4_ONLY",
            "timeouts": null
          },
          "sensitive_attributes": [],
          "private": "eyJlMmJmYjczMC1lY2FhLTExZTYtOGY4OC0zNDM2M2JjN2M0YzAiOnsiY3JlYXRlIjozNjAwMDAwMDAwMDAsImRlbGV0ZSI6MzYwMDAwMDAwMDAwLCJ1cGRhdGUiOjM2MDAwMDAwMDAwMH19",
          "dependencies": [
            "module.kubernetes.google_compute_network.vpc"
          ]
        }
      ]
    },
    {
      "module": "module.kubernetes",
      "mode": "managed",
      "type": "google_container_cluster",
      "name": "cluster",
      "provider": "provider[\"registry.terraform.io/hashicorp/google\"]",
      "instances": [
        {
          "schema_version": 1,
          "attributes": {
            "addons_config": [
              {
                "cloudrun_config": [],
                "horizontal_pod_autoscaling": [],
                "http_load_balancing": [],
                "network_policy_config": [
                  {
                    "disabled": true
                  }
                ]
              }
            ],
            "authenticator_groups_config": [],
            "cluster_autoscaling": [
              {
                "auto_provisioning_defaults": [],
                "enabled": false,
                "resource_limits": []
              }
            ],
            "cluster_ipv4_cidr": "10.188.0.0/14",
            "confidential_nodes": [],
            "database_encryption": [
              {
                "key_name": "",
                "state": "DECRYPTED"
              }
            ],
            "datapath_provider": "",
            "default_max_pods_per_node": null,
            "default_snat_status": [
              {
                "disabled": false
              }
            ],
            "description": "",
            "enable_autopilot": false,
            "enable_binary_authorization": false,
            "enable_intranode_visibility": false,
            "enable_kubernetes_alpha": false,
            "enable_legacy_abac": false,
            "enable_shielded_nodes": true,
            "enable_tpu": false,
            "endpoint": "35.197.106.103",
            "id": "projects/thaigo-alves/locations/us-west1/clusters/development",
            "initial_node_count": 1,
            "ip_allocation_policy": [],
            "label_fingerprint": "a9dc16a7",
            "location": "us-west1",
            "logging_config": [
              {
                "enable_components": [
                  "SYSTEM_COMPONENTS",
                  "WORKLOADS"
                ]
              }
            ],
            "logging_service": "logging.googleapis.com/kubernetes",
            "maintenance_policy": [],
            "master_auth": [
              {
                "client_certificate": "",
                "client_certificate_config": [
                  {
                    "issue_client_certificate": false
                  }
                ],
                "client_key": "",
                "cluster_ca_certificate": "LS0tLS1CRUdJTiBDRVJUSUZJQ0FURS0tLS0tCk1JSUVMRENDQXBTZ0F3SUJBZ0lRT2F2YVR1ZnVKVWVUZDZPaTVkZmlOekFOQmdrcWhraUc5dzBCQVFzRkFEQXYKTVMwd0t3WURWUVFERXlRM09XUXpPRGt5TlMweVlXWXdMVFEyTlRVdFlqQmxaaTB6T0RSbVlqYzVObVUyTldNdwpJQmNOTWpFeE1qSXdNRFExT0RRd1doZ1BNakExTVRFeU1UTXdOVFU0TkRCYU1DOHhMVEFyQmdOVkJBTVRKRGM1ClpETTRPVEkxTFRKaFpqQXRORFkxTlMxaU1HVm1MVE00TkdaaU56azJaVFkxWXpDQ0FhSXdEUVlKS29aSWh2Y04KQVFFQkJRQURnZ0dQQURDQ0FZb0NnZ0dCQUxLaVk0Tm1neFpmeDVMM1dNV0VIZUIxa05hS1lDeXl1NUVTTGFpagp5dVVvRjZYQmtvd2Zaak9MVUpNN0RhMVJmazVFVkVLWUhEbGN2SXdreDM3M3NwTm11Vm9kN2I3eXd1bFZ1K0NhCnV1TEJsOUJNZXNiTlMwTHVyWFVlNmhNYjVaNW4zVnBOY3dpMGlReWRScUxJNDkwM2thQzRWaGUxQ0FGNXluaGcKYmJ6VnUrZllRVnFVTHlPRjM1NWswSEd2OWcwU3ZFVGdCY2xpSVQ1RUd2Rm5Wd1pPQ2RUNm4yeTBVOXdmeGczVgo5Z3hHTXEzQksxM2pYMFd1alBxUSs0a05SRGw1dmg3eGU3UUljb3JVb0EwdHZha0VROEF3THRuT0FFRFRVMGJMCk00WFY2YTE2bkg2c3N3SFQzcS9YcVUyVG5RS1YzK0hkQW5JMEQ2c2kxUW9sL25TbmhnRnNOVDBYclk0Uy9ZTkgKSVpXakwrNEhBTjNaS01ZYXV4Q0JTZWRGT0lnYmk3aEtNTGttNEdMZHA3ank5NzlJTmhQY0NGS2FtaTdsNkQzNgpvalZ4UGNVbFNUYWozYkMyNldqNzRrSTlUdCtuNXVjblpNZXVkZ2c1c3JoTG9mcGU4OUVZNkhzNUJKSTZjc1pWCjlJQ1F4STU0d2JYMlpDczFaUUltMnBoeGVRSURBUUFCbzBJd1FEQU9CZ05WSFE4QkFmOEVCQU1DQWdRd0R3WUQKVlIwVEFRSC9CQVV3QXdFQi96QWRCZ05WSFE0RUZnUVUrTWU3dmZLYTE3S1lodU9RdXFBQ1U1V05xZTh3RFFZSgpLb1pJaHZjTkFRRUxCUUFEZ2dHQkFLLzdNQ3UxdTdKazMxdEN2RlNlb1BSUzV3N3BvSkV2Z3RUWTZkYXBsd3VUCkt4STR3QVJVVW9sVHczVndqa01RODJ4TkgzbkVVY3hzS0dGWms3akp4Vm9yS0p6SnQyTytDWk5FR2tIbWFEMzYKWktHcWtzR2tvYTJCblQvNmNUUHR4bWkzRHdMOHNEWHp4d1RDSWtOcnhSZTVUR2RrTnBXd2t6VU1PVVE0RllTbwpXTUI4dmtiNXhtTkdIeWVHeGM0VVpiNitSS0s0Q2llWUcxanYzdTdaWU8vTGZ3MEduMnhKZE91dU81M0xMaEd0CnRzYzYzZUdoUFFLN092ZG5Fbmp5OXdTYllLS2Zoa3pMM0dqaC9xdXB4YjM1SFYwTzZDdStWY1ppQ3V4STNNeE0Kbi9WVGZDZ2FiQzllSHI1dUZ0M2l3RG9LYStVaVViOGc3UlN3RUxYV0FqcytMd3RiMnB5czVKUjl4MTVLbzRXMwpKZ0hWVCtybVNFd3o2aDZWZTBsMVduVW1FQlJXMXpHN21SYm9lTWRFWjNJMkFJNy9VTU9JSXp2QVZIeEJUWjQzClV0WGE0OWN1MHpjQVBtUTF6YjVlV2hwVXJvcmpUWVZUY2VrVFk0alFFcU9aK1VMRHlUcHBMc2xvVVhpZSt2c28KQTBsbjMxajcwd1l4a1AzYUxkNVlxZz09Ci0tLS0tRU5EIENFUlRJRklDQVRFLS0tLS0K"
              }
            ],
            "master_authorized_networks_config": [],
            "master_version": "1.21.5-gke.1302",
            "min_master_version": null,
            "monitoring_config": [
              {
                "enable_components": [
                  "SYSTEM_COMPONENTS"
                ]
              }
            ],
            "monitoring_service": "monitoring.googleapis.com/kubernetes",
            "name": "development",
            "network": "projects/thaigo-alves/global/networks/thaigo-alves",
            "network_policy": [
              {
                "enabled": false,
                "provider": "PROVIDER_UNSPECIFIED"
              }
            ],
            "networking_mode": "ROUTES",
            "node_config": [],
            "node_locations": [
              "us-west1-a",
              "us-west1-b",
              "us-west1-c"
            ],
            "node_pool": [],
            "node_version": "1.21.5-gke.1302",
            "operation": null,
            "private_cluster_config": [],
            "private_ipv6_google_access": "",
            "project": "thaigo-alves",
            "release_channel": [
              {
                "channel": "REGULAR"
              }
            ],
            "remove_default_node_pool": true,
            "resource_labels": null,
            "resource_usage_export_config": [],
            "self_link": "https://container.googleapis.com/v1/projects/thaigo-alves/locations/us-west1/clusters/development",
            "services_ipv4_cidr": "10.191.240.0/20",
            "subnetwork": "projects/thaigo-alves/regions/us-west1/subnetworks/thaigo-alves",
            "timeouts": null,
            "tpu_ipv4_cidr_block": "",
            "vertical_pod_autoscaling": [],
            "workload_identity_config": []
          },
          "sensitive_attributes": [],
          "private": "eyJlMmJmYjczMC1lY2FhLTExZTYtOGY4OC0zNDM2M2JjN2M0YzAiOnsiY3JlYXRlIjoyNDAwMDAwMDAwMDAwLCJkZWxldGUiOjI0MDAwMDAwMDAwMDAsInJlYWQiOjI0MDAwMDAwMDAwMDAsInVwZGF0ZSI6MzYwMDAwMDAwMDAwMH0sInNjaGVtYV92ZXJzaW9uIjoiMSJ9",
          "dependencies": [
            "module.kubernetes.google_compute_network.vpc",
            "module.kubernetes.google_compute_subnetwork.subnet"
          ]
        }
      ]
    },
    {
      "module": "module.kubernetes",
      "mode": "managed",
      "type": "google_container_node_pool",
      "name": "nodes",
      "provider": "provider[\"registry.terraform.io/hashicorp/google\"]",
      "instances": [
        {
          "schema_version": 1,
          "attributes": {
            "autoscaling": [],
            "cluster": "development",
            "id": "projects/thaigo-alves/locations/us-west1/clusters/development/nodePools/default",
            "initial_node_count": 1,
            "instance_group_urls": [
              "https://www.googleapis.com/compute/v1/projects/thaigo-alves/zones/us-west1-b/instanceGroupManagers/gke-development-default-6ac9fb2a-grp",
              "https://www.googleapis.com/compute/v1/projects/thaigo-alves/zones/us-west1-c/instanceGroupManagers/gke-development-default-f8377578-grp",
              "https://www.googleapis.com/compute/v1/projects/thaigo-alves/zones/us-west1-a/instanceGroupManagers/gke-development-default-1e163998-grp"
            ],
            "location": "us-west1",
            "managed_instance_group_urls": [
              "https://www.googleapis.com/compute/v1/projects/thaigo-alves/zones/us-west1-b/instanceGroups/gke-development-default-6ac9fb2a-grp",
              "https://www.googleapis.com/compute/v1/projects/thaigo-alves/zones/us-west1-c/instanceGroups/gke-development-default-f8377578-grp",
              "https://www.googleapis.com/compute/v1/projects/thaigo-alves/zones/us-west1-a/instanceGroups/gke-development-default-1e163998-grp"
            ],
            "management": [
              {
                "auto_repair": true,
                "auto_upgrade": true
              }
            ],
            "max_pods_per_node": null,
            "name": "default",
            "name_prefix": "",
            "node_config": [
              {
                "disk_size_gb": 100,
                "disk_type": "pd-standard",
                "gcfs_config": [],
                "guest_accelerator": [],
                "image_type": "COS_CONTAINERD",
                "labels": {},
                "local_ssd_count": 0,
                "machine_type": "n1-standard-1",
                "metadata": {
                  "disable-legacy-endpoints": "true"
                },
                "min_cpu_platform": "",
                "node_group": "",
                "oauth_scopes": [
                  "https://www.googleapis.com/auth/logging.write",
                  "https://www.googleapis.com/auth/monitoring"
                ],
                "preemptible": false,
                "service_account": "default",
                "shielded_instance_config": [
                  {
                    "enable_integrity_monitoring": true,
                    "enable_secure_boot": false
                  }
                ],
                "tags": [
                  "gke-nodes",
                  "thaigo-alves"
                ],
                "taint": [],
                "workload_metadata_config": []
              }
            ],
            "node_count": 1,
            "node_locations": [
              "us-west1-a",
              "us-west1-b",
              "us-west1-c"
            ],
            "operation": null,
            "project": "thaigo-alves",
            "timeouts": null,
            "upgrade_settings": [
              {
                "max_surge": 1,
                "max_unavailable": 0
              }
            ],
            "version": "1.21.5-gke.1302"
          },
          "sensitive_attributes": [],
          "private": "eyJlMmJmYjczMC1lY2FhLTExZTYtOGY4OC0zNDM2M2JjN2M0YzAiOnsiY3JlYXRlIjoxODAwMDAwMDAwMDAwLCJkZWxldGUiOjE4MDAwMDAwMDAwMDAsInVwZGF0ZSI6MTgwMDAwMDAwMDAwMH0sInNjaGVtYV92ZXJzaW9uIjoiMSJ9",
          "dependencies": [
            "module.kubernetes.google_compute_network.vpc",
            "module.kubernetes.google_compute_subnetwork.subnet",
            "module.kubernetes.google_container_cluster.cluster"
          ]
        }
      ]
    }
  ]
}
